PODS:
  - InAppSettingsKit (2.15)
  - PsiphonClientCommonLibrary (4.0.12):
    - InAppSettingsKit (= 2.15)

DEPENDENCIES:
  - InAppSettingsKit (from `https://github.com/Psiphon-Inc/InAppSettingsKit.git`, commit `8bd203c`)
  - PsiphonClientCommonLibrary (from `../`)

EXTERNAL SOURCES:
  InAppSettingsKit:
    :commit: 8bd203c
    :git: https://github.com/Psiphon-Inc/InAppSettingsKit.git
  PsiphonClientCommonLibrary:
    :path: "../"

CHECKOUT OPTIONS:
  InAppSettingsKit:
    :commit: 8bd203c
    :git: https://github.com/Psiphon-Inc/InAppSettingsKit.git

SPEC CHECKSUMS:
  InAppSettingsKit: 4890a44f9df7a1742c632920f0ea939cbeb29ea2
  PsiphonClientCommonLibrary: 62f2e5b76d8286417eb7b8a5bfb83472598ba28d

PODFILE CHECKSUM: b7273d87877d2fb6c134b949169639d9e8395805

COCOAPODS: 1.11.2
