PODS:
  - InAppSettingsKit (2.9.2)
  - PsiphonClientCommonLibrary (0.2.10):
    - InAppSettingsKit

DEPENDENCIES:
  - InAppSettingsKit (from `https://github.com/Psiphon-Inc/InAppSettingsKit.git`)
  - PsiphonClientCommonLibrary (from `../`)

EXTERNAL SOURCES:
  InAppSettingsKit:
    :git: https://github.com/Psiphon-Inc/InAppSettingsKit.git
  PsiphonClientCommonLibrary:
    :path: ../

CHECKOUT OPTIONS:
  InAppSettingsKit:
    :commit: 877f342920759b91ecb329123a8365158cac93e8
    :git: https://github.com/Psiphon-Inc/InAppSettingsKit.git

SPEC CHECKSUMS:
  InAppSettingsKit: e81b468f9944bec83b1389a1e201600cc34ae922
  PsiphonClientCommonLibrary: a09659a57f24970c43e911c9260143b548036b75

PODFILE CHECKSUM: b63686d57e697c91f162a29696f98f7cbdbaa244

COCOAPODS: 1.3.1
