PODS:
  - InAppSettingsKit (2.15)
  - PsiphonClientCommonLibrary (2.0.7):
    - InAppSettingsKit (= 2.15)

DEPENDENCIES:
  - InAppSettingsKit (from `https://github.com/Psiphon-Inc/InAppSettingsKit.git`, commit `8bd203c`)
  - PsiphonClientCommonLibrary (from `../`)

EXTERNAL SOURCES:
  InAppSettingsKit:
    :commit: 8bd203c
    :git: https://github.com/Psiphon-Inc/InAppSettingsKit.git
  PsiphonClientCommonLibrary:
    :path: "../"

CHECKOUT OPTIONS:
  InAppSettingsKit:
    :commit: 8bd203c
    :git: https://github.com/Psiphon-Inc/InAppSettingsKit.git

SPEC CHECKSUMS:
  InAppSettingsKit: 4890a44f9df7a1742c632920f0ea939cbeb29ea2
  PsiphonClientCommonLibrary: b2692b1243e45fc2840f72a5424a9532a5795837

PODFILE CHECKSUM: b7273d87877d2fb6c134b949169639d9e8395805

COCOAPODS: 1.8.4
